
Microsoft Visual Studio Solution File, Format Version 12.00
# Visual Studio Version 16
VisualStudioVersion = 16.0.30309.148
MinimumVisualStudioVersion = 10.0.40219.1
Project("{D31BB0A7-B3B1-492B-9DE3-16AEFAF44F15}") = "Azure.ResourceManager.DurableTask", "src\Azure.ResourceManager.DurableTask.csproj", "{617CF1D7-C25F-4ADF-A719-4593783F58DD}"
EndProject
Project("{D31BB0A7-B3B1-492B-9DE3-16AEFAF44F15}") = "Azure.ResourceManager.DurableTask.Tests", "tests\Azure.ResourceManager.DurableTask.Tests.csproj", "{C941FCF1-E853-48EF-A4B3-33C49807A9E1}"
EndProject
Project("{D31BB0A7-B3B1-492B-9DE3-16AEFAF44F15}") = "Azure.ResourceManager.DurableTask.Samples", "samples\Azure.ResourceManager.DurableTask.Samples.csproj", "{DA4DBFEC-4EE2-40F2-91B8-1AED8D1B1FA7}"
EndProject
Global
	GlobalSection(SolutionProperties) = preSolution
		HideSolutionNode = FALSE
	EndGlobalSection
	GlobalSection(ExtensibilityGlobals) = postSolution
		SolutionGuid = {3A0230E0-6E27-467E-A8AC-B6772ED809B1}
	EndGlobalSection
	GlobalSection(SolutionConfigurationPlatforms) = preSolution
		Debug|Any CPU = Debug|Any CPU
		Debug|x64 = Debug|x64
		Debug|x86 = Debug|x86
		Release|Any CPU = Release|Any CPU
		Release|x64 = Release|x64
		Release|x86 = Release|x86
	EndGlobalSection
	GlobalSection(ProjectConfigurationPlatforms) = postSolution
		{617CF1D7-C25F-4ADF-A719-4593783F58DD}.Debug|Any CPU.ActiveCfg = Debug|Any CPU
		{617CF1D7-C25F-4ADF-A719-4593783F58DD}.Debug|Any CPU.Build.0 = Debug|Any CPU
		{617CF1D7-C25F-4ADF-A719-4593783F58DD}.Debug|x64.ActiveCfg = Debug|Any CPU
		{617CF1D7-C25F-4ADF-A719-4593783F58DD}.Debug|x64.Build.0 = Debug|Any CPU
		{617CF1D7-C25F-4ADF-A719-4593783F58DD}.Debug|x86.ActiveCfg = Debug|Any CPU
		{617CF1D7-C25F-4ADF-A719-4593783F58DD}.Debug|x86.Build.0 = Debug|Any CPU
		{617CF1D7-C25F-4ADF-A719-4593783F58DD}.Release|Any CPU.ActiveCfg = Release|Any CPU
		{617CF1D7-C25F-4ADF-A719-4593783F58DD}.Release|Any CPU.Build.0 = Release|Any CPU
		{617CF1D7-C25F-4ADF-A719-4593783F58DD}.Release|x64.ActiveCfg = Release|Any CPU
		{617CF1D7-C25F-4ADF-A719-4593783F58DD}.Release|x64.Build.0 = Release|Any CPU
		{617CF1D7-C25F-4ADF-A719-4593783F58DD}.Release|x86.ActiveCfg = Release|Any CPU
		{617CF1D7-C25F-4ADF-A719-4593783F58DD}.Release|x86.Build.0 = Release|Any CPU
		{C941FCF1-E853-48EF-A4B3-33C49807A9E1}.Debug|Any CPU.ActiveCfg = Debug|Any CPU
		{C941FCF1-E853-48EF-A4B3-33C49807A9E1}.Debug|Any CPU.Build.0 = Debug|Any CPU
		{C941FCF1-E853-48EF-A4B3-33C49807A9E1}.Debug|x64.ActiveCfg = Debug|Any CPU
		{C941FCF1-E853-48EF-A4B3-33C49807A9E1}.Debug|x64.Build.0 = Debug|Any CPU
		{C941FCF1-E853-48EF-A4B3-33C49807A9E1}.Debug|x86.ActiveCfg = Debug|Any CPU
		{C941FCF1-E853-48EF-A4B3-33C49807A9E1}.Debug|x86.Build.0 = Debug|Any CPU
		{C941FCF1-E853-48EF-A4B3-33C49807A9E1}.Release|Any CPU.ActiveCfg = Release|Any CPU
		{C941FCF1-E853-48EF-A4B3-33C49807A9E1}.Release|Any CPU.Build.0 = Release|Any CPU
		{C941FCF1-E853-48EF-A4B3-33C49807A9E1}.Release|x64.ActiveCfg = Release|Any CPU
		{C941FCF1-E853-48EF-A4B3-33C49807A9E1}.Release|x64.Build.0 = Release|Any CPU
		{C941FCF1-E853-48EF-A4B3-33C49807A9E1}.Release|x86.ActiveCfg = Release|Any CPU
		{C941FCF1-E853-48EF-A4B3-33C49807A9E1}.Release|x86.Build.0 = Release|Any CPU
		{DA4DBFEC-4EE2-40F2-91B8-1AED8D1B1FA7}.Debug|Any CPU.ActiveCfg = Debug|Any CPU
		{DA4DBFEC-4EE2-40F2-91B8-1AED8D1B1FA7}.Debug|Any CPU.Build.0 = Debug|Any CPU
		{DA4DBFEC-4EE2-40F2-91B8-1AED8D1B1FA7}.Debug|x64.ActiveCfg = Debug|Any CPU
		{DA4DBFEC-4EE2-40F2-91B8-1AED8D1B1FA7}.Debug|x64.Build.0 = Debug|Any CPU
		{DA4DBFEC-4EE2-40F2-91B8-1AED8D1B1FA7}.Debug|x86.ActiveCfg = Debug|Any CPU
		{DA4DBFEC-4EE2-40F2-91B8-1AED8D1B1FA7}.Debug|x86.Build.0 = Debug|Any CPU
		{DA4DBFEC-4EE2-40F2-91B8-1AED8D1B1FA7}.Release|Any CPU.ActiveCfg = Release|Any CPU
		{DA4DBFEC-4EE2-40F2-91B8-1AED8D1B1FA7}.Release|Any CPU.Build.0 = Release|Any CPU
		{DA4DBFEC-4EE2-40F2-91B8-1AED8D1B1FA7}.Release|x64.ActiveCfg = Release|Any CPU
		{DA4DBFEC-4EE2-40F2-91B8-1AED8D1B1FA7}.Release|x64.Build.0 = Release|Any CPU
		{DA4DBFEC-4EE2-40F2-91B8-1AED8D1B1FA7}.Release|x86.ActiveCfg = Release|Any CPU
		{DA4DBFEC-4EE2-40F2-91B8-1AED8D1B1FA7}.Release|x86.Build.0 = Release|Any CPU
	EndGlobalSection
EndGlobal
